
Microsoft Visual Studio Solution File, Format Version 12.00
# Visual Studio Version 16
VisualStudioVersion = 16.0.30225.117
MinimumVisualStudioVersion = 10.0.40219.1
Project("{FAE04EC0-301F-11D3-BF4B-00C04F79EFBC}") = "csvPoC", "csvPoC.csproj", "{066790E1-8177-4C04-B9C6-852535025C68}"
EndProject
Global
	GlobalSection(SolutionConfigurationPlatforms) = preSolution
		Debug|Any CPU = Debug|Any CPU
		Release|Any CPU = Release|Any CPU
	EndGlobalSection
	GlobalSection(ProjectConfigurationPlatforms) = postSolution
		{066790E1-8177-4C04-B9C6-852535025C68}.Debug|Any CPU.ActiveCfg = Debug|Any CPU
		{066790E1-8177-4C04-B9C6-852535025C68}.Debug|Any CPU.Build.0 = Debug|Any CPU
		{066790E1-8177-4C04-B9C6-852535025C68}.Release|Any CPU.ActiveCfg = Release|Any CPU
		{066790E1-8177-4C04-B9C6-852535025C68}.Release|Any CPU.Build.0 = Release|Any CPU
	EndGlobalSection
	GlobalSection(SolutionProperties) = preSolution
		HideSolutionNode = FALSE
	EndGlobalSection
	GlobalSection(ExtensibilityGlobals) = postSolution
		SolutionGuid = {FEA96CD1-EB77-45F1-B39B-C8E3C630A143}
	EndGlobalSection
EndGlobal
